// !$*UTF8*$!
{
	archiveVersion = 1;
	classes = {
	};
	objectVersion = 56;
	objects = {

/* Begin PBXBuildFile section */
		DC7738A12B270AF5008DBC2A /* MyTaskApp.swift in Sources */ = {isa = PBXBuildFile; fileRef = DC7738A02B270AF5008DBC2A /* MyTaskApp.swift */; };
		DC7738A52B270AF8008DBC2A /* Assets.xcassets in Resources */ = {isa = PBXBuildFile; fileRef = DC7738A42B270AF8008DBC2A /* Assets.xcassets */; };
		DC7738A82B270AF8008DBC2A /* Preview Assets.xcassets in Resources */ = {isa = PBXBuildFile; fileRef = DC7738A72B270AF8008DBC2A /* Preview Assets.xcassets */; };
		DC7738AA2B270AF8008DBC2A /* Persistence.swift in Sources */ = {isa = PBXBuildFile; fileRef = DC7738A92B270AF8008DBC2A /* Persistence.swift */; };
		DC7738AD2B270AF8008DBC2A /* MyTask.xcdatamodeld in Sources */ = {isa = PBXBuildFile; fileRef = DC7738AB2B270AF8008DBC2A /* MyTask.xcdatamodeld */; };
		DC7738B72B270AF8008DBC2A /* MyTaskTests.swift in Sources */ = {isa = PBXBuildFile; fileRef = DC7738B62B270AF8008DBC2A /* MyTaskTests.swift */; };
		DC7738C12B270AF8008DBC2A /* MyTaskUITests.swift in Sources */ = {isa = PBXBuildFile; fileRef = DC7738C02B270AF8008DBC2A /* MyTaskUITests.swift */; };
		DC7738C32B270AF8008DBC2A /* MyTaskUITestsLaunchTests.swift in Sources */ = {isa = PBXBuildFile; fileRef = DC7738C22B270AF8008DBC2A /* MyTaskUITestsLaunchTests.swift */; };
		DCC177BF2B270F24003ECFA5 /* Task.swift in Sources */ = {isa = PBXBuildFile; fileRef = DCC177BE2B270F24003ECFA5 /* Task.swift */; };
		DCC177C22B2710B3003ECFA5 /* TaskViewModel.swift in Sources */ = {isa = PBXBuildFile; fileRef = DCC177C12B2710B3003ECFA5 /* TaskViewModel.swift */; };
		DCC177C62B271240003ECFA5 /* HomeView.swift in Sources */ = {isa = PBXBuildFile; fileRef = DCC177C52B271240003ECFA5 /* HomeView.swift */; };
		DCC177C92B2714B6003ECFA5 /* Date+Extension.swift in Sources */ = {isa = PBXBuildFile; fileRef = DCC177C82B2714B6003ECFA5 /* Date+Extension.swift */; };
		DCC177CC2B271A59003ECFA5 /* AddTaskView.swift in Sources */ = {isa = PBXBuildFile; fileRef = DCC177CB2B271A59003ECFA5 /* AddTaskView.swift */; };
		DCC177CF2B271F4A003ECFA5 /* TaskDetailView.swift in Sources */ = {isa = PBXBuildFile; fileRef = DCC177CE2B271F4A003ECFA5 /* TaskDetailView.swift */; };
/* End PBXBuildFile section */

/* Begin PBXContainerItemProxy section */
		DC7738B32B270AF8008DBC2A /* PBXContainerItemProxy */ = {
			isa = PBXContainerItemProxy;
			containerPortal = DC7738952B270AF5008DBC2A /* Project object */;
			proxyType = 1;
			remoteGlobalIDString = DC77389C2B270AF5008DBC2A;
			remoteInfo = MyTask;
		};
		DC7738BD2B270AF8008DBC2A /* PBXContainerItemProxy */ = {
			isa = PBXContainerItemProxy;
			containerPortal = DC7738952B270AF5008DBC2A /* Project object */;
			proxyType = 1;
			remoteGlobalIDString = DC77389C2B270AF5008DBC2A;
			remoteInfo = MyTask;
		};
/* End PBXContainerItemProxy section */

/* Begin PBXFileReference section */
		DC77389D2B270AF5008DBC2A /* MyTask.app */ = {isa = PBXFileReference; explicitFileType = wrapper.application; includeInIndex = 0; path = MyTask.app; sourceTree = BUILT_PRODUCTS_DIR; };
		DC7738A02B270AF5008DBC2A /* MyTaskApp.swift */ = {isa = PBXFileReference; lastKnownFileType = sourcecode.swift; path = MyTaskApp.swift; sourceTree = "<group>"; };
		DC7738A42B270AF8008DBC2A /* Assets.xcassets */ = {isa = PBXFileReference; lastKnownFileType = folder.assetcatalog; path = Assets.xcassets; sourceTree = "<group>"; };
		DC7738A72B270AF8008DBC2A /* Preview Assets.xcassets */ = {isa = PBXFileReference; lastKnownFileType = folder.assetcatalog; path = "Preview Assets.xcassets"; sourceTree = "<group>"; };
		DC7738A92B270AF8008DBC2A /* Persistence.swift */ = {isa = PBXFileReference; lastKnownFileType = sourcecode.swift; path = Persistence.swift; sourceTree = "<group>"; };
		DC7738AC2B270AF8008DBC2A /* MyTask.xcdatamodel */ = {isa = PBXFileReference; lastKnownFileType = wrapper.xcdatamodel; path = MyTask.xcdatamodel; sourceTree = "<group>"; };
		DC7738B22B270AF8008DBC2A /* MyTaskTests.xctest */ = {isa = PBXFileReference; explicitFileType = wrapper.cfbundle; includeInIndex = 0; path = MyTaskTests.xctest; sourceTree = BUILT_PRODUCTS_DIR; };
		DC7738B62B270AF8008DBC2A /* MyTaskTests.swift */ = {isa = PBXFileReference; lastKnownFileType = sourcecode.swift; path = MyTaskTests.swift; sourceTree = "<group>"; };
		DC7738BC2B270AF8008DBC2A /* MyTaskUITests.xctest */ = {isa = PBXFileReference; explicitFileType = wrapper.cfbundle; includeInIndex = 0; path = MyTaskUITests.xctest; sourceTree = BUILT_PRODUCTS_DIR; };
		DC7738C02B270AF8008DBC2A /* MyTaskUITests.swift */ = {isa = PBXFileReference; lastKnownFileType = sourcecode.swift; path = MyTaskUITests.swift; sourceTree = "<group>"; };
		DC7738C22B270AF8008DBC2A /* MyTaskUITestsLaunchTests.swift */ = {isa = PBXFileReference; lastKnownFileType = sourcecode.swift; path = MyTaskUITestsLaunchTests.swift; sourceTree = "<group>"; };
		DCC177BE2B270F24003ECFA5 /* Task.swift */ = {isa = PBXFileReference; lastKnownFileType = sourcecode.swift; path = Task.swift; sourceTree = "<group>"; };
		DCC177C12B2710B3003ECFA5 /* TaskViewModel.swift */ = {isa = PBXFileReference; lastKnownFileType = sourcecode.swift; path = TaskViewModel.swift; sourceTree = "<group>"; };
		DCC177C52B271240003ECFA5 /* HomeView.swift */ = {isa = PBXFileReference; lastKnownFileType = sourcecode.swift; path = HomeView.swift; sourceTree = "<group>"; };
		DCC177C82B2714B6003ECFA5 /* Date+Extension.swift */ = {isa = PBXFileReference; lastKnownFileType = sourcecode.swift; path = "Date+Extension.swift"; sourceTree = "<group>"; };
		DCC177CB2B271A59003ECFA5 /* AddTaskView.swift */ = {isa = PBXFileReference; lastKnownFileType = sourcecode.swift; path = AddTaskView.swift; sourceTree = "<group>"; };
		DCC177CE2B271F4A003ECFA5 /* TaskDetailView.swift */ = {isa = PBXFileReference; lastKnownFileType = sourcecode.swift; path = TaskDetailView.swift; sourceTree = "<group>"; };
/* End PBXFileReference section */

/* Begin PBXFrameworksBuildPhase section */
		DC77389A2B270AF5008DBC2A /* Frameworks */ = {
			isa = PBXFrameworksBuildPhase;
			buildActionMask = 2147483647;
			files = (
			);
			runOnlyForDeploymentPostprocessing = 0;
		};
		DC7738AF2B270AF8008DBC2A /* Frameworks */ = {
			isa = PBXFrameworksBuildPhase;
			buildActionMask = 2147483647;
			files = (
			);
			runOnlyForDeploymentPostprocessing = 0;
		};
		DC7738B92B270AF8008DBC2A /* Frameworks */ = {
			isa = PBXFrameworksBuildPhase;
			buildActionMask = 2147483647;
			files = (
			);
			runOnlyForDeploymentPostprocessing = 0;
		};
/* End PBXFrameworksBuildPhase section */

/* Begin PBXGroup section */
		DC7738942B270AF5008DBC2A = {
			isa = PBXGroup;
			children = (
				DC77389F2B270AF5008DBC2A /* MyTask */,
				DC7738B52B270AF8008DBC2A /* MyTaskTests */,
				DC7738BF2B270AF8008DBC2A /* MyTaskUITests */,
				DC77389E2B270AF5008DBC2A /* Products */,
			);
			sourceTree = "<group>";
		};
		DC77389E2B270AF5008DBC2A /* Products */ = {
			isa = PBXGroup;
			children = (
				DC77389D2B270AF5008DBC2A /* MyTask.app */,
				DC7738B22B270AF8008DBC2A /* MyTaskTests.xctest */,
				DC7738BC2B270AF8008DBC2A /* MyTaskUITests.xctest */,
			);
			name = Products;
			sourceTree = "<group>";
		};
		DC77389F2B270AF5008DBC2A /* MyTask */ = {
			isa = PBXGroup;
			children = (
				DCC177C72B271497003ECFA5 /* Extensions */,
				DCC177C32B27121F003ECFA5 /* Views */,
				DCC177C02B27109A003ECFA5 /* ViewModel */,
				DCC177BD2B270EF9003ECFA5 /* Model */,
				DC7738A02B270AF5008DBC2A /* MyTaskApp.swift */,
				DC7738A42B270AF8008DBC2A /* Assets.xcassets */,
				DC7738A92B270AF8008DBC2A /* Persistence.swift */,
				DC7738AB2B270AF8008DBC2A /* MyTask.xcdatamodeld */,
				DC7738A62B270AF8008DBC2A /* Preview Content */,
			);
			path = MyTask;
			sourceTree = "<group>";
		};
		DC7738A62B270AF8008DBC2A /* Preview Content */ = {
			isa = PBXGroup;
			children = (
				DC7738A72B270AF8008DBC2A /* Preview Assets.xcassets */,
			);
			path = "Preview Content";
			sourceTree = "<group>";
		};
		DC7738B52B270AF8008DBC2A /* MyTaskTests */ = {
			isa = PBXGroup;
			children = (
				DC7738B62B270AF8008DBC2A /* MyTaskTests.swift */,
			);
			path = MyTaskTests;
			sourceTree = "<group>";
		};
		DC7738BF2B270AF8008DBC2A /* MyTaskUITests */ = {
			isa = PBXGroup;
			children = (
				DC7738C02B270AF8008DBC2A /* MyTaskUITests.swift */,
				DC7738C22B270AF8008DBC2A /* MyTaskUITestsLaunchTests.swift */,
			);
			path = MyTaskUITests;
			sourceTree = "<group>";
		};
		DCC177BD2B270EF9003ECFA5 /* Model */ = {
			isa = PBXGroup;
			children = (
				DCC177BE2B270F24003ECFA5 /* Task.swift */,
			);
			path = Model;
			sourceTree = "<group>";
		};
		DCC177C02B27109A003ECFA5 /* ViewModel */ = {
			isa = PBXGroup;
			children = (
				DCC177C12B2710B3003ECFA5 /* TaskViewModel.swift */,
			);
			path = ViewModel;
			sourceTree = "<group>";
		};
		DCC177C32B27121F003ECFA5 /* Views */ = {
			isa = PBXGroup;
			children = (
				DCC177CD2B271F23003ECFA5 /* TaskDetailView */,
				DCC177CA2B271A4B003ECFA5 /* AddTaskView */,
				DCC177C42B271224003ECFA5 /* HomeView */,
			);
			path = Views;
			sourceTree = "<group>";
		};
		DCC177C42B271224003ECFA5 /* HomeView */ = {
			isa = PBXGroup;
			children = (
				DCC177C52B271240003ECFA5 /* HomeView.swift */,
			);
			path = HomeView;
			sourceTree = "<group>";
		};
		DCC177C72B271497003ECFA5 /* Extensions */ = {
			isa = PBXGroup;
			children = (
				DCC177C82B2714B6003ECFA5 /* Date+Extension.swift */,
			);
			path = Extensions;
			sourceTree = "<group>";
		};
		DCC177CA2B271A4B003ECFA5 /* AddTaskView */ = {
			isa = PBXGroup;
			children = (
				DCC177CB2B271A59003ECFA5 /* AddTaskView.swift */,
			);
			path = AddTaskView;
			sourceTree = "<group>";
		};
		DCC177CD2B271F23003ECFA5 /* TaskDetailView */ = {
			isa = PBXGroup;
			children = (
				DCC177CE2B271F4A003ECFA5 /* TaskDetailView.swift */,
			);
			path = TaskDetailView;
			sourceTree = "<group>";
		};
/* End PBXGroup section */

/* Begin PBXNativeTarget section */
		DC77389C2B270AF5008DBC2A /* MyTask */ = {
			isa = PBXNativeTarget;
			buildConfigurationList = DC7738C62B270AF8008DBC2A /* Build configuration list for PBXNativeTarget "MyTask" */;
			buildPhases = (
				DC7738992B270AF5008DBC2A /* Sources */,
				DC77389A2B270AF5008DBC2A /* Frameworks */,
				DC77389B2B270AF5008DBC2A /* Resources */,
			);
			buildRules = (
			);
			dependencies = (
			);
			name = MyTask;
			productName = MyTask;
			productReference = DC77389D2B270AF5008DBC2A /* MyTask.app */;
			productType = "com.apple.product-type.application";
		};
		DC7738B12B270AF8008DBC2A /* MyTaskTests */ = {
			isa = PBXNativeTarget;
			buildConfigurationList = DC7738C92B270AF8008DBC2A /* Build configuration list for PBXNativeTarget "MyTaskTests" */;
			buildPhases = (
				DC7738AE2B270AF8008DBC2A /* Sources */,
				DC7738AF2B270AF8008DBC2A /* Frameworks */,
				DC7738B02B270AF8008DBC2A /* Resources */,
			);
			buildRules = (
			);
			dependencies = (
				DC7738B42B270AF8008DBC2A /* PBXTargetDependency */,
			);
			name = MyTaskTests;
			productName = MyTaskTests;
			productReference = DC7738B22B270AF8008DBC2A /* MyTaskTests.xctest */;
			productType = "com.apple.product-type.bundle.unit-test";
		};
		DC7738BB2B270AF8008DBC2A /* MyTaskUITests */ = {
			isa = PBXNativeTarget;
			buildConfigurationList = DC7738CC2B270AF8008DBC2A /* Build configuration list for PBXNativeTarget "MyTaskUITests" */;
			buildPhases = (
				DC7738B82B270AF8008DBC2A /* Sources */,
				DC7738B92B270AF8008DBC2A /* Frameworks */,
				DC7738BA2B270AF8008DBC2A /* Resources */,
			);
			buildRules = (
			);
			dependencies = (
				DC7738BE2B270AF8008DBC2A /* PBXTargetDependency */,
			);
			name = MyTaskUITests;
			productName = MyTaskUITests;
			productReference = DC7738BC2B270AF8008DBC2A /* MyTaskUITests.xctest */;
			productType = "com.apple.product-type.bundle.ui-testing";
		};
/* End PBXNativeTarget section */

/* Begin PBXProject section */
		DC7738952B270AF5008DBC2A /* Project object */ = {
			isa = PBXProject;
			attributes = {
				BuildIndependentTargetsInParallel = 1;
				LastSwiftUpdateCheck = 1500;
				LastUpgradeCheck = 1500;
				TargetAttributes = {
					DC77389C2B270AF5008DBC2A = {
						CreatedOnToolsVersion = 15.0.1;
					};
					DC7738B12B270AF8008DBC2A = {
						CreatedOnToolsVersion = 15.0.1;
						TestTargetID = DC77389C2B270AF5008DBC2A;
					};
					DC7738BB2B270AF8008DBC2A = {
						CreatedOnToolsVersion = 15.0.1;
						TestTargetID = DC77389C2B270AF5008DBC2A;
					};
				};
			};
			buildConfigurationList = DC7738982B270AF5008DBC2A /* Build configuration list for PBXProject "MyTask" */;
			compatibilityVersion = "Xcode 14.0";
			developmentRegion = en;
			hasScannedForEncodings = 0;
			knownRegions = (
				en,
				Base,
			);
			mainGroup = DC7738942B270AF5008DBC2A;
			productRefGroup = DC77389E2B270AF5008DBC2A /* Products */;
			projectDirPath = "";
			projectRoot = "";
			targets = (
				DC77389C2B270AF5008DBC2A /* MyTask */,
				DC7738B12B270AF8008DBC2A /* MyTaskTests */,
				DC7738BB2B270AF8008DBC2A /* MyTaskUITests */,
			);
		};
/* End PBXProject section */

/* Begin PBXResourcesBuildPhase section */
		DC77389B2B270AF5008DBC2A /* Resources */ = {
			isa = PBXResourcesBuildPhase;
			buildActionMask = 2147483647;
			files = (
				DC7738A82B270AF8008DBC2A /* Preview Assets.xcassets in Resources */,
				DC7738A52B270AF8008DBC2A /* Assets.xcassets in Resources */,
			);
			runOnlyForDeploymentPostprocessing = 0;
		};
		DC7738B02B270AF8008DBC2A /* Resources */ = {
			isa = PBXResourcesBuildPhase;
			buildActionMask = 2147483647;
			files = (
			);
			runOnlyForDeploymentPostprocessing = 0;
		};
		DC7738BA2B270AF8008DBC2A /* Resources */ = {
			isa = PBXResourcesBuildPhase;
			buildActionMask = 2147483647;
			files = (
			);
			runOnlyForDeploymentPostprocessing = 0;
		};
/* End PBXResourcesBuildPhase section */

/* Begin PBXSourcesBuildPhase section */
		DC7738992B270AF5008DBC2A /* Sources */ = {
			isa = PBXSourcesBuildPhase;
			buildActionMask = 2147483647;
			files = (
				DCC177BF2B270F24003ECFA5 /* Task.swift in Sources */,
				DC7738AD2B270AF8008DBC2A /* MyTask.xcdatamodeld in Sources */,
				DC7738AA2B270AF8008DBC2A /* Persistence.swift in Sources */,
				DCC177CC2B271A59003ECFA5 /* AddTaskView.swift in Sources */,
				DCC177C62B271240003ECFA5 /* HomeView.swift in Sources */,
				DCC177C92B2714B6003ECFA5 /* Date+Extension.swift in Sources */,
				DCC177C22B2710B3003ECFA5 /* TaskViewModel.swift in Sources */,
				DC7738A12B270AF5008DBC2A /* MyTaskApp.swift in Sources */,
				DCC177CF2B271F4A003ECFA5 /* TaskDetailView.swift in Sources */,
			);
			runOnlyForDeploymentPostprocessing = 0;
		};
		DC7738AE2B270AF8008DBC2A /* Sources */ = {
			isa = PBXSourcesBuildPhase;
			buildActionMask = 2147483647;
			files = (
				DC7738B72B270AF8008DBC2A /* MyTaskTests.swift in Sources */,
			);
			runOnlyForDeploymentPostprocessing = 0;
		};
		DC7738B82B270AF8008DBC2A /* Sources */ = {
			isa = PBXSourcesBuildPhase;
			buildActionMask = 2147483647;
			files = (
				DC7738C12B270AF8008DBC2A /* MyTaskUITests.swift in Sources */,
				DC7738C32B270AF8008DBC2A /* MyTaskUITestsLaunchTests.swift in Sources */,
			);
			runOnlyForDeploymentPostprocessing = 0;
		};
/* End PBXSourcesBuildPhase section */

/* Begin PBXTargetDependency section */
		DC7738B42B270AF8008DBC2A /* PBXTargetDependency */ = {
			isa = PBXTargetDependency;
			target = DC77389C2B270AF5008DBC2A /* MyTask */;
			targetProxy = DC7738B32B270AF8008DBC2A /* PBXContainerItemProxy */;
		};
		DC7738BE2B270AF8008DBC2A /* PBXTargetDependency */ = {
			isa = PBXTargetDependency;
			target = DC77389C2B270AF5008DBC2A /* MyTask */;
			targetProxy = DC7738BD2B270AF8008DBC2A /* PBXContainerItemProxy */;
		};
/* End PBXTargetDependency section */

/* Begin XCBuildConfiguration section */
		DC7738C42B270AF8008DBC2A /* Debug */ = {
			isa = XCBuildConfiguration;
			buildSettings = {
				ALWAYS_SEARCH_USER_PATHS = NO;
				ASSETCATALOG_COMPILER_GENERATE_SWIFT_ASSET_SYMBOL_EXTENSIONS = YES;
				CLANG_ANALYZER_NONNULL = YES;
				CLANG_ANALYZER_NUMBER_OBJECT_CONVERSION = YES_AGGRESSIVE;
				CLANG_CXX_LANGUAGE_STANDARD = "gnu++20";
				CLANG_ENABLE_MODULES = YES;
				CLANG_ENABLE_OBJC_ARC = YES;
				CLANG_ENABLE_OBJC_WEAK = YES;
				CLANG_WARN_BLOCK_CAPTURE_AUTORELEASING = YES;
				CLANG_WARN_BOOL_CONVERSION = YES;
				CLANG_WARN_COMMA = YES;
				CLANG_WARN_CONSTANT_CONVERSION = YES;
				CLANG_WARN_DEPRECATED_OBJC_IMPLEMENTATIONS = YES;
				CLANG_WARN_DIRECT_OBJC_ISA_USAGE = YES_ERROR;
				CLANG_WARN_DOCUMENTATION_COMMENTS = YES;
				CLANG_WARN_EMPTY_BODY = YES;
				CLANG_WARN_ENUM_CONVERSION = YES;
				CLANG_WARN_INFINITE_RECURSION = YES;
				CLANG_WARN_INT_CONVERSION = YES;
				CLANG_WARN_NON_LITERAL_NULL_CONVERSION = YES;
				CLANG_WARN_OBJC_IMPLICIT_RETAIN_SELF = YES;
				CLANG_WARN_OBJC_LITERAL_CONVERSION = YES;
				CLANG_WARN_OBJC_ROOT_CLASS = YES_ERROR;
				CLANG_WARN_QUOTED_INCLUDE_IN_FRAMEWORK_HEADER = YES;
				CLANG_WARN_RANGE_LOOP_ANALYSIS = YES;
				CLANG_WARN_STRICT_PROTOTYPES = YES;
				CLANG_WARN_SUSPICIOUS_MOVE = YES;
				CLANG_WARN_UNGUARDED_AVAILABILITY = YES_AGGRESSIVE;
				CLANG_WARN_UNREACHABLE_CODE = YES;
				CLANG_WARN__DUPLICATE_METHOD_MATCH = YES;
				COPY_PHASE_STRIP = NO;
				DEBUG_INFORMATION_FORMAT = dwarf;
				ENABLE_STRICT_OBJC_MSGSEND = YES;
				ENABLE_TESTABILITY = YES;
				ENABLE_USER_SCRIPT_SANDBOXING = YES;
				GCC_C_LANGUAGE_STANDARD = gnu17;
				GCC_DYNAMIC_NO_PIC = NO;
				GCC_NO_COMMON_BLOCKS = YES;
				GCC_OPTIMIZATION_LEVEL = 0;
				GCC_PREPROCESSOR_DEFINITIONS = (
					"DEBUG=1",
					"$(inherited)",
				);
				GCC_WARN_64_TO_32_BIT_CONVERSION = YES;
				GCC_WARN_ABOUT_RETURN_TYPE = YES_ERROR;
				GCC_WARN_UNDECLARED_SELECTOR = YES;
				GCC_WARN_UNINITIALIZED_AUTOS = YES_AGGRESSIVE;
				GCC_WARN_UNUSED_FUNCTION = YES;
				GCC_WARN_UNUSED_VARIABLE = YES;
				IPHONEOS_DEPLOYMENT_TARGET = 17.0;
				LOCALIZATION_PREFERS_STRING_CATALOGS = YES;
				MTL_ENABLE_DEBUG_INFO = INCLUDE_SOURCE;
				MTL_FAST_MATH = YES;
				ONLY_ACTIVE_ARCH = YES;
				SDKROOT = iphoneos;
				SWIFT_ACTIVE_COMPILATION_CONDITIONS = "DEBUG $(inherited)";
				SWIFT_OPTIMIZATION_LEVEL = "-Onone";
			};
			name = Debug;
		};
		DC7738C52B270AF8008DBC2A /* Release */ = {
			isa = XCBuildConfiguration;
			buildSettings = {
				ALWAYS_SEARCH_USER_PATHS = NO;
				ASSETCATALOG_COMPILER_GENERATE_SWIFT_ASSET_SYMBOL_EXTENSIONS = YES;
				CLANG_ANALYZER_NONNULL = YES;
				CLANG_ANALYZER_NUMBER_OBJECT_CONVERSION = YES_AGGRESSIVE;
				CLANG_CXX_LANGUAGE_STANDARD = "gnu++20";
				CLANG_ENABLE_MODULES = YES;
				CLANG_ENABLE_OBJC_ARC = YES;
				CLANG_ENABLE_OBJC_WEAK = YES;
				CLANG_WARN_BLOCK_CAPTURE_AUTORELEASING = YES;
				CLANG_WARN_BOOL_CONVERSION = YES;
				CLANG_WARN_COMMA = YES;
				CLANG_WARN_CONSTANT_CONVERSION = YES;
				CLANG_WARN_DEPRECATED_OBJC_IMPLEMENTATIONS = YES;
				CLANG_WARN_DIRECT_OBJC_ISA_USAGE = YES_ERROR;
				CLANG_WARN_DOCUMENTATION_COMMENTS = YES;
				CLANG_WARN_EMPTY_BODY = YES;
				CLANG_WARN_ENUM_CONVERSION = YES;
				CLANG_WARN_INFINITE_RECURSION = YES;
				CLANG_WARN_INT_CONVERSION = YES;
				CLANG_WARN_NON_LITERAL_NULL_CONVERSION = YES;
				CLANG_WARN_OBJC_IMPLICIT_RETAIN_SELF = YES;
				CLANG_WARN_OBJC_LITERAL_CONVERSION = YES;
				CLANG_WARN_OBJC_ROOT_CLASS = YES_ERROR;
				CLANG_WARN_QUOTED_INCLUDE_IN_FRAMEWORK_HEADER = YES;
				CLANG_WARN_RANGE_LOOP_ANALYSIS = YES;
				CLANG_WARN_STRICT_PROTOTYPES = YES;
				CLANG_WARN_SUSPICIOUS_MOVE = YES;
				CLANG_WARN_UNGUARDED_AVAILABILITY = YES_AGGRESSIVE;
				CLANG_WARN_UNREACHABLE_CODE = YES;
				CLANG_WARN__DUPLICATE_METHOD_MATCH = YES;
				COPY_PHASE_STRIP = NO;
				DEBUG_INFORMATION_FORMAT = "dwarf-with-dsym";
				ENABLE_NS_ASSERTIONS = NO;
				ENABLE_STRICT_OBJC_MSGSEND = YES;
				ENABLE_USER_SCRIPT_SANDBOXING = YES;
				GCC_C_LANGUAGE_STANDARD = gnu17;
				GCC_NO_COMMON_BLOCKS = YES;
				GCC_WARN_64_TO_32_BIT_CONVERSION = YES;
				GCC_WARN_ABOUT_RETURN_TYPE = YES_ERROR;
				GCC_WARN_UNDECLARED_SELECTOR = YES;
				GCC_WARN_UNINITIALIZED_AUTOS = YES_AGGRESSIVE;
				GCC_WARN_UNUSED_FUNCTION = YES;
				GCC_WARN_UNUSED_VARIABLE = YES;
				IPHONEOS_DEPLOYMENT_TARGET = 17.0;
				LOCALIZATION_PREFERS_STRING_CATALOGS = YES;
				MTL_ENABLE_DEBUG_INFO = NO;
				MTL_FAST_MATH = YES;
				SDKROOT = iphoneos;
				SWIFT_COMPILATION_MODE = wholemodule;
				VALIDATE_PRODUCT = YES;
			};
			name = Release;
		};
		DC7738C72B270AF8008DBC2A /* Debug */ = {
			isa = XCBuildConfiguration;
			buildSettings = {
				ASSETCATALOG_COMPILER_APPICON_NAME = AppIcon;
				ASSETCATALOG_COMPILER_GLOBAL_ACCENT_COLOR_NAME = AccentColor;
				CODE_SIGN_STYLE = Automatic;
				CURRENT_PROJECT_VERSION = 1;
				DEVELOPMENT_ASSET_PATHS = "\"MyTask/Preview Content\"";
				DEVELOPMENT_TEAM = E24U54RDT5;
				ENABLE_PREVIEWS = YES;
				GENERATE_INFOPLIST_FILE = YES;
				INFOPLIST_KEY_UIApplicationSceneManifest_Generation = YES;
				INFOPLIST_KEY_UIApplicationSupportsIndirectInputEvents = YES;
				INFOPLIST_KEY_UILaunchScreen_Generation = YES;
				INFOPLIST_KEY_UISupportedInterfaceOrientations_iPad = "UIInterfaceOrientationPortrait UIInterfaceOrientationPortraitUpsideDown UIInterfaceOrientationLandscapeLeft UIInterfaceOrientationLandscapeRight";
				INFOPLIST_KEY_UISupportedInterfaceOrientations_iPhone = "UIInterfaceOrientationPortrait UIInterfaceOrientationLandscapeLeft UIInterfaceOrientationLandscapeRight";
				LD_RUNPATH_SEARCH_PATHS = (
					"$(inherited)",
					"@executable_path/Frameworks",
				);
				MARKETING_VERSION = 1.0;
				PRODUCT_BUNDLE_IDENTIFIER = com.uisameer.MyTask;
				PRODUCT_NAME = "$(TARGET_NAME)";
				SWIFT_EMIT_LOC_STRINGS = YES;
				SWIFT_VERSION = 5.0;
				TARGETED_DEVICE_FAMILY = "1,2";
			};
			name = Debug;
		};
		DC7738C82B270AF8008DBC2A /* Release */ = {
			isa = XCBuildConfiguration;
			buildSettings = {
				ASSETCATALOG_COMPILER_APPICON_NAME = AppIcon;
				ASSETCATALOG_COMPILER_GLOBAL_ACCENT_COLOR_NAME = AccentColor;
				CODE_SIGN_STYLE = Automatic;
				CURRENT_PROJECT_VERSION = 1;
				DEVELOPMENT_ASSET_PATHS = "\"MyTask/Preview Content\"";
				DEVELOPMENT_TEAM = E24U54RDT5;
				ENABLE_PREVIEWS = YES;
				GENERATE_INFOPLIST_FILE = YES;
				INFOPLIST_KEY_UIApplicationSceneManifest_Generation = YES;
				INFOPLIST_KEY_UIApplicationSupportsIndirectInputEvents = YES;
				INFOPLIST_KEY_UILaunchScreen_Generation = YES;
				INFOPLIST_KEY_UISupportedInterfaceOrientations_iPad = "UIInterfaceOrientationPortrait UIInterfaceOrientationPortraitUpsideDown UIInterfaceOrientationLandscapeLeft UIInterfaceOrientationLandscapeRight";
				INFOPLIST_KEY_UISupportedInterfaceOrientations_iPhone = "UIInterfaceOrientationPortrait UIInterfaceOrientationLandscapeLeft UIInterfaceOrientationLandscapeRight";
				LD_RUNPATH_SEARCH_PATHS = (
					"$(inherited)",
					"@executable_path/Frameworks",
				);
				MARKETING_VERSION = 1.0;
				PRODUCT_BUNDLE_IDENTIFIER = com.uisameer.MyTask;
				PRODUCT_NAME = "$(TARGET_NAME)";
				SWIFT_EMIT_LOC_STRINGS = YES;
				SWIFT_VERSION = 5.0;
				TARGETED_DEVICE_FAMILY = "1,2";
			};
			name = Release;
		};
		DC7738CA2B270AF8008DBC2A /* Debug */ = {
			isa = XCBuildConfiguration;
			buildSettings = {
				ALWAYS_EMBED_SWIFT_STANDARD_LIBRARIES = YES;
				BUNDLE_LOADER = "$(TEST_HOST)";
				CODE_SIGN_STYLE = Automatic;
				CURRENT_PROJECT_VERSION = 1;
				DEVELOPMENT_TEAM = E24U54RDT5;
				GENERATE_INFOPLIST_FILE = YES;
				IPHONEOS_DEPLOYMENT_TARGET = 17.0;
				MARKETING_VERSION = 1.0;
				PRODUCT_BUNDLE_IDENTIFIER = com.uisameer.MyTaskTests;
				PRODUCT_NAME = "$(TARGET_NAME)";
				SWIFT_EMIT_LOC_STRINGS = NO;
				SWIFT_VERSION = 5.0;
				TARGETED_DEVICE_FAMILY = "1,2";
				TEST_HOST = "$(BUILT_PRODUCTS_DIR)/MyTask.app/$(BUNDLE_EXECUTABLE_FOLDER_PATH)/MyTask";
			};
			name = Debug;
		};
		DC7738CB2B270AF8008DBC2A /* Release */ = {
			isa = XCBuildConfiguration;
			buildSettings = {
				ALWAYS_EMBED_SWIFT_STANDARD_LIBRARIES = YES;
				BUNDLE_LOADER = "$(TEST_HOST)";
				CODE_SIGN_STYLE = Automatic;
				CURRENT_PROJECT_VERSION = 1;
				DEVELOPMENT_TEAM = E24U54RDT5;
				GENERATE_INFOPLIST_FILE = YES;
				IPHONEOS_DEPLOYMENT_TARGET = 17.0;
				MARKETING_VERSION = 1.0;
				PRODUCT_BUNDLE_IDENTIFIER = com.uisameer.MyTaskTests;
				PRODUCT_NAME = "$(TARGET_NAME)";
				SWIFT_EMIT_LOC_STRINGS = NO;
				SWIFT_VERSION = 5.0;
				TARGETED_DEVICE_FAMILY = "1,2";
				TEST_HOST = "$(BUILT_PRODUCTS_DIR)/MyTask.app/$(BUNDLE_EXECUTABLE_FOLDER_PATH)/MyTask";
			};
			name = Release;
		};
		DC7738CD2B270AF8008DBC2A /* Debug */ = {
			isa = XCBuildConfiguration;
			buildSettings = {
				ALWAYS_EMBED_SWIFT_STANDARD_LIBRARIES = YES;
				CODE_SIGN_STYLE = Automatic;
				CURRENT_PROJECT_VERSION = 1;
				DEVELOPMENT_TEAM = E24U54RDT5;
				GENERATE_INFOPLIST_FILE = YES;
				MARKETING_VERSION = 1.0;
				PRODUCT_BUNDLE_IDENTIFIER = com.uisameer.MyTaskUITests;
				PRODUCT_NAME = "$(TARGET_NAME)";
				SWIFT_EMIT_LOC_STRINGS = NO;
				SWIFT_VERSION = 5.0;
				TARGETED_DEVICE_FAMILY = "1,2";
				TEST_TARGET_NAME = MyTask;
			};
			name = Debug;
		};
		DC7738CE2B270AF8008DBC2A /* Release */ = {
			isa = XCBuildConfiguration;
			buildSettings = {
				ALWAYS_EMBED_SWIFT_STANDARD_LIBRARIES = YES;
				CODE_SIGN_STYLE = Automatic;
				CURRENT_PROJECT_VERSION = 1;
				DEVELOPMENT_TEAM = E24U54RDT5;
				GENERATE_INFOPLIST_FILE = YES;
				MARKETING_VERSION = 1.0;
				PRODUCT_BUNDLE_IDENTIFIER = com.uisameer.MyTaskUITests;
				PRODUCT_NAME = "$(TARGET_NAME)";
				SWIFT_EMIT_LOC_STRINGS = NO;
				SWIFT_VERSION = 5.0;
				TARGETED_DEVICE_FAMILY = "1,2";
				TEST_TARGET_NAME = MyTask;
			};
			name = Release;
		};
/* End XCBuildConfiguration section */

/* Begin XCConfigurationList section */
		DC7738982B270AF5008DBC2A /* Build configuration list for PBXProject "MyTask" */ = {
			isa = XCConfigurationList;
			buildConfigurations = (
				DC7738C42B270AF8008DBC2A /* Debug */,
				DC7738C52B270AF8008DBC2A /* Release */,
			);
			defaultConfigurationIsVisible = 0;
			defaultConfigurationName = Release;
		};
		DC7738C62B270AF8008DBC2A /* Build configuration list for PBXNativeTarget "MyTask" */ = {
			isa = XCConfigurationList;
			buildConfigurations = (
				DC7738C72B270AF8008DBC2A /* Debug */,
				DC7738C82B270AF8008DBC2A /* Release */,
			);
			defaultConfigurationIsVisible = 0;
			defaultConfigurationName = Release;
		};
		DC7738C92B270AF8008DBC2A /* Build configuration list for PBXNativeTarget "MyTaskTests" */ = {
			isa = XCConfigurationList;
			buildConfigurations = (
				DC7738CA2B270AF8008DBC2A /* Debug */,
				DC7738CB2B270AF8008DBC2A /* Release */,
			);
			defaultConfigurationIsVisible = 0;
			defaultConfigurationName = Release;
		};
		DC7738CC2B270AF8008DBC2A /* Build configuration list for PBXNativeTarget "MyTaskUITests" */ = {
			isa = XCConfigurationList;
			buildConfigurations = (
				DC7738CD2B270AF8008DBC2A /* Debug */,
				DC7738CE2B270AF8008DBC2A /* Release */,
			);
			defaultConfigurationIsVisible = 0;
			defaultConfigurationName = Release;
		};
/* End XCConfigurationList section */

/* Begin XCVersionGroup section */
		DC7738AB2B270AF8008DBC2A /* MyTask.xcdatamodeld */ = {
			isa = XCVersionGroup;
			children = (
				DC7738AC2B270AF8008DBC2A /* MyTask.xcdatamodel */,
			);
			currentVersion = DC7738AC2B270AF8008DBC2A /* MyTask.xcdatamodel */;
			path = MyTask.xcdatamodeld;
			sourceTree = "<group>";
			versionGroupType = wrapper.xcdatamodel;
		};
/* End XCVersionGroup section */
	};
	rootObject = DC7738952B270AF5008DBC2A /* Project object */;
}
